
Microsoft Visual Studio Solution File, Format Version 12.00
# Visual Studio Version 17
VisualStudioVersion = 17.9.34723.18
MinimumVisualStudioVersion = 10.0.40219.1
Project("{FAE04EC0-301F-11D3-BF4B-00C04F79EFBC}") = "ClassEditor", "ClassEditor\ClassEditor.csproj", "{34B967CA-8318-4DAF-9080-9357CAA4491C}"
EndProject
Global
	GlobalSection(SolutionConfigurationPlatforms) = preSolution
		Debug|Any CPU = Debug|Any CPU
		Release|Any CPU = Release|Any CPU
	EndGlobalSection
	GlobalSection(ProjectConfigurationPlatforms) = postSolution
		{34B967CA-8318-4DAF-9080-9357CAA4491C}.Debug|Any CPU.ActiveCfg = Debug|Any CPU
		{34B967CA-8318-4DAF-9080-9357CAA4491C}.Debug|Any CPU.Build.0 = Debug|Any CPU
		{34B967CA-8318-4DAF-9080-9357CAA4491C}.Release|Any CPU.ActiveCfg = Release|Any CPU
		{34B967CA-8318-4DAF-9080-9357CAA4491C}.Release|Any CPU.Build.0 = Release|Any CPU
	EndGlobalSection
	GlobalSection(SolutionProperties) = preSolution
		HideSolutionNode = FALSE
	EndGlobalSection
	GlobalSection(ExtensibilityGlobals) = postSolution
		SolutionGuid = {6713461B-53A1-475F-B5AB-6DEF2BE05FE2}
	EndGlobalSection
EndGlobal
